
Microsoft Visual Studio Solution File, Format Version 12.00
# Visual Studio Version 16
VisualStudioVersion = 16.0.29424.173
MinimumVisualStudioVersion = 10.0.40219.1
Project("{9A19103F-16F7-4668-BE54-9A1E7A4F7556}") = "ESMS", "ESMS\ESMS.csproj", "{57A0A576-7B57-43E0-8988-4A98CAC8A303}"
EndProject
Project("{F14B399A-7131-4C87-9E4B-1186C45EF12D}") = "ESMSReports", "ESMSReports\ESMSReports.rptproj", "{85362AE3-DCDE-4417-AF84-FB33B0433F71}"
EndProject
Project("{FAE04EC0-301F-11D3-BF4B-00C04F79EFBC}") = "BusinessLogic", "BusinessLogic\BusinessLogic.csproj", "{C0A74F1D-F9B1-4EBF-A09C-0AA6F083E42E}"
EndProject
Global
	GlobalSection(SolutionConfigurationPlatforms) = preSolution
		Debug|Any CPU = Debug|Any CPU
		DebugLocal|Any CPU = DebugLocal|Any CPU
		Release|Any CPU = Release|Any CPU
	EndGlobalSection
	GlobalSection(ProjectConfigurationPlatforms) = postSolution
		{57A0A576-7B57-43E0-8988-4A98CAC8A303}.Debug|Any CPU.ActiveCfg = Debug|Any CPU
		{57A0A576-7B57-43E0-8988-4A98CAC8A303}.Debug|Any CPU.Build.0 = Debug|Any CPU
		{57A0A576-7B57-43E0-8988-4A98CAC8A303}.DebugLocal|Any CPU.ActiveCfg = Debug|Any CPU
		{57A0A576-7B57-43E0-8988-4A98CAC8A303}.DebugLocal|Any CPU.Build.0 = Debug|Any CPU
		{57A0A576-7B57-43E0-8988-4A98CAC8A303}.Release|Any CPU.ActiveCfg = Release|Any CPU
		{57A0A576-7B57-43E0-8988-4A98CAC8A303}.Release|Any CPU.Build.0 = Release|Any CPU
		{85362AE3-DCDE-4417-AF84-FB33B0433F71}.Debug|Any CPU.ActiveCfg = Debug
		{85362AE3-DCDE-4417-AF84-FB33B0433F71}.Debug|Any CPU.Build.0 = Debug
		{85362AE3-DCDE-4417-AF84-FB33B0433F71}.Debug|Any CPU.Deploy.0 = Debug
		{85362AE3-DCDE-4417-AF84-FB33B0433F71}.DebugLocal|Any CPU.ActiveCfg = DebugLocal
		{85362AE3-DCDE-4417-AF84-FB33B0433F71}.DebugLocal|Any CPU.Build.0 = DebugLocal
		{85362AE3-DCDE-4417-AF84-FB33B0433F71}.Release|Any CPU.ActiveCfg = Release
		{85362AE3-DCDE-4417-AF84-FB33B0433F71}.Release|Any CPU.Build.0 = Release
		{85362AE3-DCDE-4417-AF84-FB33B0433F71}.Release|Any CPU.Deploy.0 = Release
		{C0A74F1D-F9B1-4EBF-A09C-0AA6F083E42E}.Debug|Any CPU.ActiveCfg = Debug|Any CPU
		{C0A74F1D-F9B1-4EBF-A09C-0AA6F083E42E}.Debug|Any CPU.Build.0 = Debug|Any CPU
		{C0A74F1D-F9B1-4EBF-A09C-0AA6F083E42E}.DebugLocal|Any CPU.ActiveCfg = Debug|Any CPU
		{C0A74F1D-F9B1-4EBF-A09C-0AA6F083E42E}.DebugLocal|Any CPU.Build.0 = Debug|Any CPU
		{C0A74F1D-F9B1-4EBF-A09C-0AA6F083E42E}.Release|Any CPU.ActiveCfg = Release|Any CPU
		{C0A74F1D-F9B1-4EBF-A09C-0AA6F083E42E}.Release|Any CPU.Build.0 = Release|Any CPU
	EndGlobalSection
	GlobalSection(SolutionProperties) = preSolution
		HideSolutionNode = FALSE
	EndGlobalSection
	GlobalSection(ExtensibilityGlobals) = postSolution
		SolutionGuid = {88545532-48DE-410E-BB24-B02955412A63}
	EndGlobalSection
EndGlobal
